// !$*UTF8*$!
{
	archiveVersion = 1;
	classes = {
	};
	objectVersion = 51;
	objects = {

/* Begin PBXBuildFile section */
		7EE8FEC453A903A9DD1C4121 /* Pods_to_do_fire.framework in Frameworks */ = {isa = PBXBuildFile; fileRef = 0572CA1CBC342EB7DC935207 /* Pods_to_do_fire.framework */; };
		BF310F80262DA64500462DBD /* AppDelegate.swift in Sources */ = {isa = PBXBuildFile; fileRef = BF310F7F262DA64500462DBD /* AppDelegate.swift */; };
		BF310F82262DA64500462DBD /* SceneDelegate.swift in Sources */ = {isa = PBXBuildFile; fileRef = BF310F81262DA64500462DBD /* SceneDelegate.swift */; };
		BF310F84262DA64500462DBD /* LoginViewController.swift in Sources */ = {isa = PBXBuildFile; fileRef = BF310F83262DA64500462DBD /* LoginViewController.swift */; };
		BF310F87262DA64500462DBD /* Main.storyboard in Resources */ = {isa = PBXBuildFile; fileRef = BF310F85262DA64500462DBD /* Main.storyboard */; };
		BF310F89262DA64A00462DBD /* Assets.xcassets in Resources */ = {isa = PBXBuildFile; fileRef = BF310F88262DA64A00462DBD /* Assets.xcassets */; };
		BF310F8C262DA64A00462DBD /* LaunchScreen.storyboard in Resources */ = {isa = PBXBuildFile; fileRef = BF310F8A262DA64A00462DBD /* LaunchScreen.storyboard */; };
		BF310F96262DCDAC00462DBD /* TasksViewController.swift in Sources */ = {isa = PBXBuildFile; fileRef = BF310F95262DCDAC00462DBD /* TasksViewController.swift */; };
		BF42CB9A262F1473004A3777 /* Task.swift in Sources */ = {isa = PBXBuildFile; fileRef = BF42CB99262F1473004A3777 /* Task.swift */; };
		BF42CB9D262F1487004A3777 /* Users.swift in Sources */ = {isa = PBXBuildFile; fileRef = BF42CB9C262F1487004A3777 /* Users.swift */; };
		BF972303262F588200138848 /* GoogleService-Info.plist in Resources */ = {isa = PBXBuildFile; fileRef = BF972302262F588200138848 /* GoogleService-Info.plist */; };
/* End PBXBuildFile section */

/* Begin PBXFileReference section */
		0572CA1CBC342EB7DC935207 /* Pods_to_do_fire.framework */ = {isa = PBXFileReference; explicitFileType = wrapper.framework; includeInIndex = 0; path = Pods_to_do_fire.framework; sourceTree = BUILT_PRODUCTS_DIR; };
		6FE8614621B3F038A821EA4C /* Pods-to-do-fire.debug.xcconfig */ = {isa = PBXFileReference; includeInIndex = 1; lastKnownFileType = text.xcconfig; name = "Pods-to-do-fire.debug.xcconfig"; path = "Target Support Files/Pods-to-do-fire/Pods-to-do-fire.debug.xcconfig"; sourceTree = "<group>"; };
		B8871898DEC0D9D10F5AA451 /* Pods-to-do-fire.release.xcconfig */ = {isa = PBXFileReference; includeInIndex = 1; lastKnownFileType = text.xcconfig; name = "Pods-to-do-fire.release.xcconfig"; path = "Target Support Files/Pods-to-do-fire/Pods-to-do-fire.release.xcconfig"; sourceTree = "<group>"; };
		BF310F7C262DA64500462DBD /* to-do-fire.app */ = {isa = PBXFileReference; explicitFileType = wrapper.application; includeInIndex = 0; path = "to-do-fire.app"; sourceTree = BUILT_PRODUCTS_DIR; };
		BF310F7F262DA64500462DBD /* AppDelegate.swift */ = {isa = PBXFileReference; lastKnownFileType = sourcecode.swift; path = AppDelegate.swift; sourceTree = "<group>"; };
		BF310F81262DA64500462DBD /* SceneDelegate.swift */ = {isa = PBXFileReference; lastKnownFileType = sourcecode.swift; path = SceneDelegate.swift; sourceTree = "<group>"; };
		BF310F83262DA64500462DBD /* LoginViewController.swift */ = {isa = PBXFileReference; lastKnownFileType = sourcecode.swift; path = LoginViewController.swift; sourceTree = "<group>"; };
		BF310F86262DA64500462DBD /* Base */ = {isa = PBXFileReference; lastKnownFileType = file.storyboard; name = Base; path = Base.lproj/Main.storyboard; sourceTree = "<group>"; };
		BF310F88262DA64A00462DBD /* Assets.xcassets */ = {isa = PBXFileReference; lastKnownFileType = folder.assetcatalog; path = Assets.xcassets; sourceTree = "<group>"; };
		BF310F8B262DA64A00462DBD /* Base */ = {isa = PBXFileReference; lastKnownFileType = file.storyboard; name = Base; path = Base.lproj/LaunchScreen.storyboard; sourceTree = "<group>"; };
		BF310F8D262DA64A00462DBD /* Info.plist */ = {isa = PBXFileReference; lastKnownFileType = text.plist.xml; path = Info.plist; sourceTree = "<group>"; };
		BF310F95262DCDAC00462DBD /* TasksViewController.swift */ = {isa = PBXFileReference; lastKnownFileType = sourcecode.swift; path = TasksViewController.swift; sourceTree = "<group>"; };
		BF42CB99262F1473004A3777 /* Task.swift */ = {isa = PBXFileReference; lastKnownFileType = sourcecode.swift; path = Task.swift; sourceTree = "<group>"; };
		BF42CB9C262F1487004A3777 /* Users.swift */ = {isa = PBXFileReference; lastKnownFileType = sourcecode.swift; path = Users.swift; sourceTree = "<group>"; };
		BF972302262F588200138848 /* GoogleService-Info.plist */ = {isa = PBXFileReference; fileEncoding = 4; lastKnownFileType = text.plist.xml; path = "GoogleService-Info.plist"; sourceTree = "<group>"; };
/* End PBXFileReference section */

/* Begin PBXFrameworksBuildPhase section */
		BF310F79262DA64500462DBD /* Frameworks */ = {
			isa = PBXFrameworksBuildPhase;
			buildActionMask = 2147483647;
			files = (
				7EE8FEC453A903A9DD1C4121 /* Pods_to_do_fire.framework in Frameworks */,
			);
			runOnlyForDeploymentPostprocessing = 0;
		};
/* End PBXFrameworksBuildPhase section */

/* Begin PBXGroup section */
		2CCFD09EDA377C712DAEB1B0 /* Pods */ = {
			isa = PBXGroup;
			children = (
				6FE8614621B3F038A821EA4C /* Pods-to-do-fire.debug.xcconfig */,
				B8871898DEC0D9D10F5AA451 /* Pods-to-do-fire.release.xcconfig */,
			);
			path = Pods;
			sourceTree = "<group>";
		};
		78E3BB79D231B0844740770C /* Frameworks */ = {
			isa = PBXGroup;
			children = (
				0572CA1CBC342EB7DC935207 /* Pods_to_do_fire.framework */,
			);
			name = Frameworks;
			sourceTree = "<group>";
		};
		BF310F73262DA64500462DBD = {
			isa = PBXGroup;
			children = (
				BF310F7E262DA64500462DBD /* to-do-fire */,
				BF310F7D262DA64500462DBD /* Products */,
				2CCFD09EDA377C712DAEB1B0 /* Pods */,
				78E3BB79D231B0844740770C /* Frameworks */,
			);
			sourceTree = "<group>";
		};
		BF310F7D262DA64500462DBD /* Products */ = {
			isa = PBXGroup;
			children = (
				BF310F7C262DA64500462DBD /* to-do-fire.app */,
			);
			name = Products;
			sourceTree = "<group>";
		};
		BF310F7E262DA64500462DBD /* to-do-fire */ = {
			isa = PBXGroup;
			children = (
				BF42CB9F262F14A5004A3777 /* models */,
				BF310F9B262DCED500462DBD /* controllers */,
				BF310F85262DA64500462DBD /* Main.storyboard */,
				BF310F98262DCEBE00462DBD /* supporting files */,
			);
			path = "to-do-fire";
			sourceTree = "<group>";
		};
		BF310F98262DCEBE00462DBD /* supporting files */ = {
			isa = PBXGroup;
			children = (
				BF310F7F262DA64500462DBD /* AppDelegate.swift */,
				BF972302262F588200138848 /* GoogleService-Info.plist */,
				BF310F81262DA64500462DBD /* SceneDelegate.swift */,
				BF310F88262DA64A00462DBD /* Assets.xcassets */,
				BF310F8A262DA64A00462DBD /* LaunchScreen.storyboard */,
				BF310F8D262DA64A00462DBD /* Info.plist */,
			);
			path = "supporting files";
			sourceTree = "<group>";
		};
		BF310F9B262DCED500462DBD /* controllers */ = {
			isa = PBXGroup;
			children = (
				BF310F83262DA64500462DBD /* LoginViewController.swift */,
				BF310F95262DCDAC00462DBD /* TasksViewController.swift */,
			);
			path = controllers;
			sourceTree = "<group>";
		};
		BF42CB9F262F14A5004A3777 /* models */ = {
			isa = PBXGroup;
			children = (
				BF42CB99262F1473004A3777 /* Task.swift */,
				BF42CB9C262F1487004A3777 /* Users.swift */,
			);
			path = models;
			sourceTree = "<group>";
		};
/* End PBXGroup section */

/* Begin PBXNativeTarget section */
		BF310F7B262DA64500462DBD /* to-do-fire */ = {
			isa = PBXNativeTarget;
			buildConfigurationList = BF310F90262DA64A00462DBD /* Build configuration list for PBXNativeTarget "to-do-fire" */;
			buildPhases = (
				C58D36E1165BBE98F45C832B /* [CP] Check Pods Manifest.lock */,
				BF310F78262DA64500462DBD /* Sources */,
				BF310F79262DA64500462DBD /* Frameworks */,
				BF310F7A262DA64500462DBD /* Resources */,
				4B8DC627A836CAD4233F55CD /* [CP] Embed Pods Frameworks */,
			);
			buildRules = (
			);
			dependencies = (
			);
			name = "to-do-fire";
			productName = "to-do-fire";
			productReference = BF310F7C262DA64500462DBD /* to-do-fire.app */;
			productType = "com.apple.product-type.application";
		};
/* End PBXNativeTarget section */

/* Begin PBXProject section */
		BF310F74262DA64500462DBD /* Project object */ = {
			isa = PBXProject;
			attributes = {
				LastSwiftUpdateCheck = 1230;
				LastUpgradeCheck = 1230;
				TargetAttributes = {
					BF310F7B262DA64500462DBD = {
						CreatedOnToolsVersion = 12.3;
					};
				};
			};
			buildConfigurationList = BF310F77262DA64500462DBD /* Build configuration list for PBXProject "to-do-fire" */;
			compatibilityVersion = "Xcode 9.3";
			developmentRegion = en;
			hasScannedForEncodings = 0;
			knownRegions = (
				en,
				Base,
			);
			mainGroup = BF310F73262DA64500462DBD;
			productRefGroup = BF310F7D262DA64500462DBD /* Products */;
			projectDirPath = "";
			projectRoot = "";
			targets = (
				BF310F7B262DA64500462DBD /* to-do-fire */,
			);
		};
/* End PBXProject section */

/* Begin PBXResourcesBuildPhase section */
		BF310F7A262DA64500462DBD /* Resources */ = {
			isa = PBXResourcesBuildPhase;
			buildActionMask = 2147483647;
			files = (
				BF972303262F588200138848 /* GoogleService-Info.plist in Resources */,
				BF310F8C262DA64A00462DBD /* LaunchScreen.storyboard in Resources */,
				BF310F89262DA64A00462DBD /* Assets.xcassets in Resources */,
				BF310F87262DA64500462DBD /* Main.storyboard in Resources */,
			);
			runOnlyForDeploymentPostprocessing = 0;
		};
/* End PBXResourcesBuildPhase section */

/* Begin PBXShellScriptBuildPhase section */
		4B8DC627A836CAD4233F55CD /* [CP] Embed Pods Frameworks */ = {
			isa = PBXShellScriptBuildPhase;
			buildActionMask = 2147483647;
			files = (
			);
			inputFileListPaths = (
				"${PODS_ROOT}/Target Support Files/Pods-to-do-fire/Pods-to-do-fire-frameworks-${CONFIGURATION}-input-files.xcfilelist",
			);
			name = "[CP] Embed Pods Frameworks";
			outputFileListPaths = (
				"${PODS_ROOT}/Target Support Files/Pods-to-do-fire/Pods-to-do-fire-frameworks-${CONFIGURATION}-output-files.xcfilelist",
			);
			runOnlyForDeploymentPostprocessing = 0;
			shellPath = /bin/sh;
			shellScript = "\"${PODS_ROOT}/Target Support Files/Pods-to-do-fire/Pods-to-do-fire-frameworks.sh\"\n";
			showEnvVarsInLog = 0;
		};
		C58D36E1165BBE98F45C832B /* [CP] Check Pods Manifest.lock */ = {
			isa = PBXShellScriptBuildPhase;
			buildActionMask = 2147483647;
			files = (
			);
			inputFileListPaths = (
			);
			inputPaths = (
				"${PODS_PODFILE_DIR_PATH}/Podfile.lock",
				"${PODS_ROOT}/Manifest.lock",
			);
			name = "[CP] Check Pods Manifest.lock";
			outputFileListPaths = (
			);
			outputPaths = (
				"$(DERIVED_FILE_DIR)/Pods-to-do-fire-checkManifestLockResult.txt",
			);
			runOnlyForDeploymentPostprocessing = 0;
			shellPath = /bin/sh;
			shellScript = "diff \"${PODS_PODFILE_DIR_PATH}/Podfile.lock\" \"${PODS_ROOT}/Manifest.lock\" > /dev/null\nif [ $? != 0 ] ; then\n    # print error to STDERR\n    echo \"error: The sandbox is not in sync with the Podfile.lock. Run 'pod install' or update your CocoaPods installation.\" >&2\n    exit 1\nfi\n# This output is used by Xcode 'outputs' to avoid re-running this script phase.\necho \"SUCCESS\" > \"${SCRIPT_OUTPUT_FILE_0}\"\n";
			showEnvVarsInLog = 0;
		};
/* End PBXShellScriptBuildPhase section */

/* Begin PBXSourcesBuildPhase section */
		BF310F78262DA64500462DBD /* Sources */ = {
			isa = PBXSourcesBuildPhase;
			buildActionMask = 2147483647;
			files = (
				BF310F84262DA64500462DBD /* LoginViewController.swift in Sources */,
				BF310F96262DCDAC00462DBD /* TasksViewController.swift in Sources */,
				BF42CB9D262F1487004A3777 /* Users.swift in Sources */,
				BF310F80262DA64500462DBD /* AppDelegate.swift in Sources */,
				BF42CB9A262F1473004A3777 /* Task.swift in Sources */,
				BF310F82262DA64500462DBD /* SceneDelegate.swift in Sources */,
			);
			runOnlyForDeploymentPostprocessing = 0;
		};
/* End PBXSourcesBuildPhase section */

/* Begin PBXVariantGroup section */
		BF310F85262DA64500462DBD /* Main.storyboard */ = {
			isa = PBXVariantGroup;
			children = (
				BF310F86262DA64500462DBD /* Base */,
			);
			name = Main.storyboard;
			sourceTree = "<group>";
		};
		BF310F8A262DA64A00462DBD /* LaunchScreen.storyboard */ = {
			isa = PBXVariantGroup;
			children = (
				BF310F8B262DA64A00462DBD /* Base */,
			);
			name = LaunchScreen.storyboard;
			sourceTree = "<group>";
		};
/* End PBXVariantGroup section */

/* Begin XCBuildConfiguration section */
		BF310F8E262DA64A00462DBD /* Debug */ = {
			isa = XCBuildConfiguration;
			buildSettings = {
				ALWAYS_SEARCH_USER_PATHS = NO;
				CLANG_ANALYZER_NONNULL = YES;
				CLANG_ANALYZER_NUMBER_OBJECT_CONVERSION = YES_AGGRESSIVE;
				CLANG_CXX_LANGUAGE_STANDARD = "gnu++14";
				CLANG_CXX_LIBRARY = "libc++";
				CLANG_ENABLE_MODULES = YES;
				CLANG_ENABLE_OBJC_ARC = YES;
				CLANG_ENABLE_OBJC_WEAK = YES;
				CLANG_WARN_BLOCK_CAPTURE_AUTORELEASING = YES;
				CLANG_WARN_BOOL_CONVERSION = YES;
				CLANG_WARN_COMMA = YES;
				CLANG_WARN_CONSTANT_CONVERSION = YES;
				CLANG_WARN_DEPRECATED_OBJC_IMPLEMENTATIONS = YES;
				CLANG_WARN_DIRECT_OBJC_ISA_USAGE = YES_ERROR;
				CLANG_WARN_DOCUMENTATION_COMMENTS = YES;
				CLANG_WARN_EMPTY_BODY = YES;
				CLANG_WARN_ENUM_CONVERSION = YES;
				CLANG_WARN_INFINITE_RECURSION = YES;
				CLANG_WARN_INT_CONVERSION = YES;
				CLANG_WARN_NON_LITERAL_NULL_CONVERSION = YES;
				CLANG_WARN_OBJC_IMPLICIT_RETAIN_SELF = YES;
				CLANG_WARN_OBJC_LITERAL_CONVERSION = YES;
				CLANG_WARN_OBJC_ROOT_CLASS = YES_ERROR;
				CLANG_WARN_QUOTED_INCLUDE_IN_FRAMEWORK_HEADER = YES;
				CLANG_WARN_RANGE_LOOP_ANALYSIS = YES;
				CLANG_WARN_STRICT_PROTOTYPES = YES;
				CLANG_WARN_SUSPICIOUS_MOVE = YES;
				CLANG_WARN_UNGUARDED_AVAILABILITY = YES_AGGRESSIVE;
				CLANG_WARN_UNREACHABLE_CODE = YES;
				CLANG_WARN__DUPLICATE_METHOD_MATCH = YES;
				COPY_PHASE_STRIP = NO;
				DEBUG_INFORMATION_FORMAT = dwarf;
				ENABLE_STRICT_OBJC_MSGSEND = YES;
				ENABLE_TESTABILITY = YES;
				GCC_C_LANGUAGE_STANDARD = gnu11;
				GCC_DYNAMIC_NO_PIC = NO;
				GCC_NO_COMMON_BLOCKS = YES;
				GCC_OPTIMIZATION_LEVEL = 0;
				GCC_PREPROCESSOR_DEFINITIONS = (
					"DEBUG=1",
					"$(inherited)",
				);
				GCC_WARN_64_TO_32_BIT_CONVERSION = YES;
				GCC_WARN_ABOUT_RETURN_TYPE = YES_ERROR;
				GCC_WARN_UNDECLARED_SELECTOR = YES;
				GCC_WARN_UNINITIALIZED_AUTOS = YES_AGGRESSIVE;
				GCC_WARN_UNUSED_FUNCTION = YES;
				GCC_WARN_UNUSED_VARIABLE = YES;
				IPHONEOS_DEPLOYMENT_TARGET = 14.3;
				MTL_ENABLE_DEBUG_INFO = INCLUDE_SOURCE;
				MTL_FAST_MATH = YES;
				ONLY_ACTIVE_ARCH = YES;
				SDKROOT = iphoneos;
				SWIFT_ACTIVE_COMPILATION_CONDITIONS = DEBUG;
				SWIFT_OPTIMIZATION_LEVEL = "-Onone";
			};
			name = Debug;
		};
		BF310F8F262DA64A00462DBD /* Release */ = {
			isa = XCBuildConfiguration;
			buildSettings = {
				ALWAYS_SEARCH_USER_PATHS = NO;
				CLANG_ANALYZER_NONNULL = YES;
				CLANG_ANALYZER_NUMBER_OBJECT_CONVERSION = YES_AGGRESSIVE;
				CLANG_CXX_LANGUAGE_STANDARD = "gnu++14";
				CLANG_CXX_LIBRARY = "libc++";
				CLANG_ENABLE_MODULES = YES;
				CLANG_ENABLE_OBJC_ARC = YES;
				CLANG_ENABLE_OBJC_WEAK = YES;
				CLANG_WARN_BLOCK_CAPTURE_AUTORELEASING = YES;
				CLANG_WARN_BOOL_CONVERSION = YES;
				CLANG_WARN_COMMA = YES;
				CLANG_WARN_CONSTANT_CONVERSION = YES;
				CLANG_WARN_DEPRECATED_OBJC_IMPLEMENTATIONS = YES;
				CLANG_WARN_DIRECT_OBJC_ISA_USAGE = YES_ERROR;
				CLANG_WARN_DOCUMENTATION_COMMENTS = YES;
				CLANG_WARN_EMPTY_BODY = YES;
				CLANG_WARN_ENUM_CONVERSION = YES;
				CLANG_WARN_INFINITE_RECURSION = YES;
				CLANG_WARN_INT_CONVERSION = YES;
				CLANG_WARN_NON_LITERAL_NULL_CONVERSION = YES;
				CLANG_WARN_OBJC_IMPLICIT_RETAIN_SELF = YES;
				CLANG_WARN_OBJC_LITERAL_CONVERSION = YES;
				CLANG_WARN_OBJC_ROOT_CLASS = YES_ERROR;
				CLANG_WARN_QUOTED_INCLUDE_IN_FRAMEWORK_HEADER = YES;
				CLANG_WARN_RANGE_LOOP_ANALYSIS = YES;
				CLANG_WARN_STRICT_PROTOTYPES = YES;
				CLANG_WARN_SUSPICIOUS_MOVE = YES;
				CLANG_WARN_UNGUARDED_AVAILABILITY = YES_AGGRESSIVE;
				CLANG_WARN_UNREACHABLE_CODE = YES;
				CLANG_WARN__DUPLICATE_METHOD_MATCH = YES;
				COPY_PHASE_STRIP = NO;
				DEBUG_INFORMATION_FORMAT = "dwarf-with-dsym";
				ENABLE_NS_ASSERTIONS = NO;
				ENABLE_STRICT_OBJC_MSGSEND = YES;
				GCC_C_LANGUAGE_STANDARD = gnu11;
				GCC_NO_COMMON_BLOCKS = YES;
				GCC_WARN_64_TO_32_BIT_CONVERSION = YES;
				GCC_WARN_ABOUT_RETURN_TYPE = YES_ERROR;
				GCC_WARN_UNDECLARED_SELECTOR = YES;
				GCC_WARN_UNINITIALIZED_AUTOS = YES_AGGRESSIVE;
				GCC_WARN_UNUSED_FUNCTION = YES;
				GCC_WARN_UNUSED_VARIABLE = YES;
				IPHONEOS_DEPLOYMENT_TARGET = 14.3;
				MTL_ENABLE_DEBUG_INFO = NO;
				MTL_FAST_MATH = YES;
				SDKROOT = iphoneos;
				SWIFT_COMPILATION_MODE = wholemodule;
				SWIFT_OPTIMIZATION_LEVEL = "-O";
				VALIDATE_PRODUCT = YES;
			};
			name = Release;
		};
		BF310F91262DA64A00462DBD /* Debug */ = {
			isa = XCBuildConfiguration;
			baseConfigurationReference = 6FE8614621B3F038A821EA4C /* Pods-to-do-fire.debug.xcconfig */;
			buildSettings = {
				ASSETCATALOG_COMPILER_APPICON_NAME = AppIcon;
				ASSETCATALOG_COMPILER_GLOBAL_ACCENT_COLOR_NAME = AccentColor;
				CODE_SIGN_STYLE = Automatic;
				INFOPLIST_FILE = "$(SRCROOT)/to-do-fire/supporting files/Info.plist";
				LD_RUNPATH_SEARCH_PATHS = (
					"$(inherited)",
					"@executable_path/Frameworks",
				);
				PRODUCT_BUNDLE_IDENTIFIER = "serbo.to-do-fire";
				PRODUCT_NAME = "$(TARGET_NAME)";
				SWIFT_VERSION = 5.0;
				TARGETED_DEVICE_FAMILY = "1,2";
			};
			name = Debug;
		};
		BF310F92262DA64A00462DBD /* Release */ = {
			isa = XCBuildConfiguration;
			baseConfigurationReference = B8871898DEC0D9D10F5AA451 /* Pods-to-do-fire.release.xcconfig */;
			buildSettings = {
				ASSETCATALOG_COMPILER_APPICON_NAME = AppIcon;
				ASSETCATALOG_COMPILER_GLOBAL_ACCENT_COLOR_NAME = AccentColor;
				CODE_SIGN_STYLE = Automatic;
				INFOPLIST_FILE = "$(SRCROOT)/to-do-fire/supporting files/Info.plist";
				LD_RUNPATH_SEARCH_PATHS = (
					"$(inherited)",
					"@executable_path/Frameworks",
				);
				PRODUCT_BUNDLE_IDENTIFIER = "serbo.to-do-fire";
				PRODUCT_NAME = "$(TARGET_NAME)";
				SWIFT_VERSION = 5.0;
				TARGETED_DEVICE_FAMILY = "1,2";
			};
			name = Release;
		};
/* End XCBuildConfiguration section */

/* Begin XCConfigurationList section */
		BF310F77262DA64500462DBD /* Build configuration list for PBXProject "to-do-fire" */ = {
			isa = XCConfigurationList;
			buildConfigurations = (
				BF310F8E262DA64A00462DBD /* Debug */,
				BF310F8F262DA64A00462DBD /* Release */,
			);
			defaultConfigurationIsVisible = 0;
			defaultConfigurationName = Release;
		};
		BF310F90262DA64A00462DBD /* Build configuration list for PBXNativeTarget "to-do-fire" */ = {
			isa = XCConfigurationList;
			buildConfigurations = (
				BF310F91262DA64A00462DBD /* Debug */,
				BF310F92262DA64A00462DBD /* Release */,
			);
			defaultConfigurationIsVisible = 0;
			defaultConfigurationName = Release;
		};
/* End XCConfigurationList section */
	};
	rootObject = BF310F74262DA64500462DBD /* Project object */;
}
